// !$*UTF8*$!
{
	archiveVersion = 1;
	classes = {
	};
	objectVersion = 50;
	objects = {

/* Begin PBXBuildFile section */
		554F12772274256F003DA538 /* AppDelegate.swift in Sources */ = {isa = PBXBuildFile; fileRef = 554F12762274256F003DA538 /* AppDelegate.swift */; };
		554F12792274256F003DA538 /* ViewController.swift in Sources */ = {isa = PBXBuildFile; fileRef = 554F12782274256F003DA538 /* ViewController.swift */; };
		554F127C2274256F003DA538 /* Main.storyboard in Resources */ = {isa = PBXBuildFile; fileRef = 554F127A2274256F003DA538 /* Main.storyboard */; };
		554F127E22742571003DA538 /* Assets.xcassets in Resources */ = {isa = PBXBuildFile; fileRef = 554F127D22742571003DA538 /* Assets.xcassets */; };
		554F128122742571003DA538 /* LaunchScreen.storyboard in Resources */ = {isa = PBXBuildFile; fileRef = 554F127F22742571003DA538 /* LaunchScreen.storyboard */; };
		554F128922742580003DA538 /* BackgroundTask.swift in Sources */ = {isa = PBXBuildFile; fileRef = 554F128822742580003DA538 /* BackgroundTask.swift */; };
		554F128C2275C14A003DA538 /* BackgroundTaskManager.swift in Sources */ = {isa = PBXBuildFile; fileRef = 554F128B2275C14A003DA538 /* BackgroundTaskManager.swift */; };
/* End PBXBuildFile section */

/* Begin PBXFileReference section */
		554F12732274256F003DA538 /* BackgroundExample.app */ = {isa = PBXFileReference; explicitFileType = wrapper.application; includeInIndex = 0; path = BackgroundExample.app; sourceTree = BUILT_PRODUCTS_DIR; };
		554F12762274256F003DA538 /* AppDelegate.swift */ = {isa = PBXFileReference; lastKnownFileType = sourcecode.swift; path = AppDelegate.swift; sourceTree = "<group>"; };
		554F12782274256F003DA538 /* ViewController.swift */ = {isa = PBXFileReference; lastKnownFileType = sourcecode.swift; path = ViewController.swift; sourceTree = "<group>"; };
		554F127B2274256F003DA538 /* Base */ = {isa = PBXFileReference; lastKnownFileType = file.storyboard; name = Base; path = Base.lproj/Main.storyboard; sourceTree = "<group>"; };
		554F127D22742571003DA538 /* Assets.xcassets */ = {isa = PBXFileReference; lastKnownFileType = folder.assetcatalog; path = Assets.xcassets; sourceTree = "<group>"; };
		554F128022742571003DA538 /* Base */ = {isa = PBXFileReference; lastKnownFileType = file.storyboard; name = Base; path = Base.lproj/LaunchScreen.storyboard; sourceTree = "<group>"; };
		554F128222742571003DA538 /* Info.plist */ = {isa = PBXFileReference; lastKnownFileType = text.plist.xml; path = Info.plist; sourceTree = "<group>"; };
		554F128822742580003DA538 /* BackgroundTask.swift */ = {isa = PBXFileReference; lastKnownFileType = sourcecode.swift; path = BackgroundTask.swift; sourceTree = "<group>"; };
		554F128B2275C14A003DA538 /* BackgroundTaskManager.swift */ = {isa = PBXFileReference; lastKnownFileType = sourcecode.swift; path = BackgroundTaskManager.swift; sourceTree = "<group>"; };
/* End PBXFileReference section */

/* Begin PBXFrameworksBuildPhase section */
		554F12702274256F003DA538 /* Frameworks */ = {
			isa = PBXFrameworksBuildPhase;
			buildActionMask = 2147483647;
			files = (
			);
			runOnlyForDeploymentPostprocessing = 0;
		};
/* End PBXFrameworksBuildPhase section */

/* Begin PBXGroup section */
		554F126A2274256F003DA538 = {
			isa = PBXGroup;
			children = (
				554F12752274256F003DA538 /* BackgroundExample */,
				554F12742274256F003DA538 /* Products */,
			);
			sourceTree = "<group>";
		};
		554F12742274256F003DA538 /* Products */ = {
			isa = PBXGroup;
			children = (
				554F12732274256F003DA538 /* BackgroundExample.app */,
			);
			name = Products;
			sourceTree = "<group>";
		};
		554F12752274256F003DA538 /* BackgroundExample */ = {
			isa = PBXGroup;
			children = (
				554F12762274256F003DA538 /* AppDelegate.swift */,
				554F12782274256F003DA538 /* ViewController.swift */,
				554F128A2275C0FB003DA538 /* Background */,
				554F127A2274256F003DA538 /* Main.storyboard */,
				554F127D22742571003DA538 /* Assets.xcassets */,
				554F127F22742571003DA538 /* LaunchScreen.storyboard */,
				554F128222742571003DA538 /* Info.plist */,
			);
			path = BackgroundExample;
			sourceTree = "<group>";
		};
		554F128A2275C0FB003DA538 /* Background */ = {
			isa = PBXGroup;
			children = (
				554F128822742580003DA538 /* BackgroundTask.swift */,
				554F128B2275C14A003DA538 /* BackgroundTaskManager.swift */,
			);
			path = Background;
			sourceTree = "<group>";
		};
/* End PBXGroup section */

/* Begin PBXNativeTarget section */
		554F12722274256F003DA538 /* BackgroundExample */ = {
			isa = PBXNativeTarget;
			buildConfigurationList = 554F128522742571003DA538 /* Build configuration list for PBXNativeTarget "BackgroundExample" */;
			buildPhases = (
				554F126F2274256F003DA538 /* Sources */,
				554F12702274256F003DA538 /* Frameworks */,
				554F12712274256F003DA538 /* Resources */,
			);
			buildRules = (
			);
			dependencies = (
			);
			name = BackgroundExample;
			productName = BackgroundExample;
			productReference = 554F12732274256F003DA538 /* BackgroundExample.app */;
			productType = "com.apple.product-type.application";
		};
/* End PBXNativeTarget section */

/* Begin PBXProject section */
		554F126B2274256F003DA538 /* Project object */ = {
			isa = PBXProject;
			attributes = {
				LastSwiftUpdateCheck = 1020;
				LastUpgradeCheck = 1020;
				ORGANIZATIONNAME = "Alexis Aubry";
				TargetAttributes = {
					554F12722274256F003DA538 = {
						CreatedOnToolsVersion = 10.2;
					};
				};
			};
			buildConfigurationList = 554F126E2274256F003DA538 /* Build configuration list for PBXProject "BackgroundExample" */;
			compatibilityVersion = "Xcode 9.3";
			developmentRegion = en;
			hasScannedForEncodings = 0;
			knownRegions = (
				en,
				Base,
			);
			mainGroup = 554F126A2274256F003DA538;
			productRefGroup = 554F12742274256F003DA538 /* Products */;
			projectDirPath = "";
			projectRoot = "";
			targets = (
				554F12722274256F003DA538 /* BackgroundExample */,
			);
		};
/* End PBXProject section */

/* Begin PBXResourcesBuildPhase section */
		554F12712274256F003DA538 /* Resources */ = {
			isa = PBXResourcesBuildPhase;
			buildActionMask = 2147483647;
			files = (
				554F128122742571003DA538 /* LaunchScreen.storyboard in Resources */,
				554F127E22742571003DA538 /* Assets.xcassets in Resources */,
				554F127C2274256F003DA538 /* Main.storyboard in Resources */,
			);
			runOnlyForDeploymentPostprocessing = 0;
		};
/* End PBXResourcesBuildPhase section */

/* Begin PBXSourcesBuildPhase section */
		554F126F2274256F003DA538 /* Sources */ = {
			isa = PBXSourcesBuildPhase;
			buildActionMask = 2147483647;
			files = (
				554F128C2275C14A003DA538 /* BackgroundTaskManager.swift in Sources */,
				554F128922742580003DA538 /* BackgroundTask.swift in Sources */,
				554F12792274256F003DA538 /* ViewController.swift in Sources */,
				554F12772274256F003DA538 /* AppDelegate.swift in Sources */,
			);
			runOnlyForDeploymentPostprocessing = 0;
		};
/* End PBXSourcesBuildPhase section */

/* Begin PBXVariantGroup section */
		554F127A2274256F003DA538 /* Main.storyboard */ = {
			isa = PBXVariantGroup;
			children = (
				554F127B2274256F003DA538 /* Base */,
			);
			name = Main.storyboard;
			sourceTree = "<group>";
		};
		554F127F22742571003DA538 /* LaunchScreen.storyboard */ = {
			isa = PBXVariantGroup;
			children = (
				554F128022742571003DA538 /* Base */,
			);
			name = LaunchScreen.storyboard;
			sourceTree = "<group>";
		};
/* End PBXVariantGroup section */

/* Begin XCBuildConfiguration section */
		554F128322742571003DA538 /* Debug */ = {
			isa = XCBuildConfiguration;
			buildSettings = {
				ALWAYS_SEARCH_USER_PATHS = NO;
				CLANG_ANALYZER_NONNULL = YES;
				CLANG_ANALYZER_NUMBER_OBJECT_CONVERSION = YES_AGGRESSIVE;
				CLANG_CXX_LANGUAGE_STANDARD = "gnu++14";
				CLANG_CXX_LIBRARY = "libc++";
				CLANG_ENABLE_MODULES = YES;
				CLANG_ENABLE_OBJC_ARC = YES;
				CLANG_ENABLE_OBJC_WEAK = YES;
				CLANG_WARN_BLOCK_CAPTURE_AUTORELEASING = YES;
				CLANG_WARN_BOOL_CONVERSION = YES;
				CLANG_WARN_COMMA = YES;
				CLANG_WARN_CONSTANT_CONVERSION = YES;
				CLANG_WARN_DEPRECATED_OBJC_IMPLEMENTATIONS = YES;
				CLANG_WARN_DIRECT_OBJC_ISA_USAGE = YES_ERROR;
				CLANG_WARN_DOCUMENTATION_COMMENTS = YES;
				CLANG_WARN_EMPTY_BODY = YES;
				CLANG_WARN_ENUM_CONVERSION = YES;
				CLANG_WARN_INFINITE_RECURSION = YES;
				CLANG_WARN_INT_CONVERSION = YES;
				CLANG_WARN_NON_LITERAL_NULL_CONVERSION = YES;
				CLANG_WARN_OBJC_IMPLICIT_RETAIN_SELF = YES;
				CLANG_WARN_OBJC_LITERAL_CONVERSION = YES;
				CLANG_WARN_OBJC_ROOT_CLASS = YES_ERROR;
				CLANG_WARN_RANGE_LOOP_ANALYSIS = YES;
				CLANG_WARN_STRICT_PROTOTYPES = YES;
				CLANG_WARN_SUSPICIOUS_MOVE = YES;
				CLANG_WARN_UNGUARDED_AVAILABILITY = YES_AGGRESSIVE;
				CLANG_WARN_UNREACHABLE_CODE = YES;
				CLANG_WARN__DUPLICATE_METHOD_MATCH = YES;
				CODE_SIGN_IDENTITY = "iPhone Developer";
				COPY_PHASE_STRIP = NO;
				DEBUG_INFORMATION_FORMAT = dwarf;
				ENABLE_STRICT_OBJC_MSGSEND = YES;
				ENABLE_TESTABILITY = YES;
				GCC_C_LANGUAGE_STANDARD = gnu11;
				GCC_DYNAMIC_NO_PIC = NO;
				GCC_NO_COMMON_BLOCKS = YES;
				GCC_OPTIMIZATION_LEVEL = 0;
				GCC_PREPROCESSOR_DEFINITIONS = (
					"DEBUG=1",
					"$(inherited)",
				);
				GCC_WARN_64_TO_32_BIT_CONVERSION = YES;
				GCC_WARN_ABOUT_RETURN_TYPE = YES_ERROR;
				GCC_WARN_UNDECLARED_SELECTOR = YES;
				GCC_WARN_UNINITIALIZED_AUTOS = YES_AGGRESSIVE;
				GCC_WARN_UNUSED_FUNCTION = YES;
				GCC_WARN_UNUSED_VARIABLE = YES;
				IPHONEOS_DEPLOYMENT_TARGET = 12.2;
				MTL_ENABLE_DEBUG_INFO = INCLUDE_SOURCE;
				MTL_FAST_MATH = YES;
				ONLY_ACTIVE_ARCH = YES;
				SDKROOT = iphoneos;
				SWIFT_ACTIVE_COMPILATION_CONDITIONS = DEBUG;
				SWIFT_OPTIMIZATION_LEVEL = "-Onone";
			};
			name = Debug;
		};
		554F128422742571003DA538 /* Release */ = {
			isa = XCBuildConfiguration;
			buildSettings = {
				ALWAYS_SEARCH_USER_PATHS = NO;
				CLANG_ANALYZER_NONNULL = YES;
				CLANG_ANALYZER_NUMBER_OBJECT_CONVERSION = YES_AGGRESSIVE;
				CLANG_CXX_LANGUAGE_STANDARD = "gnu++14";
				CLANG_CXX_LIBRARY = "libc++";
				CLANG_ENABLE_MODULES = YES;
				CLANG_ENABLE_OBJC_ARC = YES;
				CLANG_ENABLE_OBJC_WEAK = YES;
				CLANG_WARN_BLOCK_CAPTURE_AUTORELEASING = YES;
				CLANG_WARN_BOOL_CONVERSION = YES;
				CLANG_WARN_COMMA = YES;
				CLANG_WARN_CONSTANT_CONVERSION = YES;
				CLANG_WARN_DEPRECATED_OBJC_IMPLEMENTATIONS = YES;
				CLANG_WARN_DIRECT_OBJC_ISA_USAGE = YES_ERROR;
				CLANG_WARN_DOCUMENTATION_COMMENTS = YES;
				CLANG_WARN_EMPTY_BODY = YES;
				CLANG_WARN_ENUM_CONVERSION = YES;
				CLANG_WARN_INFINITE_RECURSION = YES;
				CLANG_WARN_INT_CONVERSION = YES;
				CLANG_WARN_NON_LITERAL_NULL_CONVERSION = YES;
				CLANG_WARN_OBJC_IMPLICIT_RETAIN_SELF = YES;
				CLANG_WARN_OBJC_LITERAL_CONVERSION = YES;
				CLANG_WARN_OBJC_ROOT_CLASS = YES_ERROR;
				CLANG_WARN_RANGE_LOOP_ANALYSIS = YES;
				CLANG_WARN_STRICT_PROTOTYPES = YES;
				CLANG_WARN_SUSPICIOUS_MOVE = YES;
				CLANG_WARN_UNGUARDED_AVAILABILITY = YES_AGGRESSIVE;
				CLANG_WARN_UNREACHABLE_CODE = YES;
				CLANG_WARN__DUPLICATE_METHOD_MATCH = YES;
				CODE_SIGN_IDENTITY = "iPhone Developer";
				COPY_PHASE_STRIP = NO;
				DEBUG_INFORMATION_FORMAT = "dwarf-with-dsym";
				ENABLE_NS_ASSERTIONS = NO;
				ENABLE_STRICT_OBJC_MSGSEND = YES;
				GCC_C_LANGUAGE_STANDARD = gnu11;
				GCC_NO_COMMON_BLOCKS = YES;
				GCC_WARN_64_TO_32_BIT_CONVERSION = YES;
				GCC_WARN_ABOUT_RETURN_TYPE = YES_ERROR;
				GCC_WARN_UNDECLARED_SELECTOR = YES;
				GCC_WARN_UNINITIALIZED_AUTOS = YES_AGGRESSIVE;
				GCC_WARN_UNUSED_FUNCTION = YES;
				GCC_WARN_UNUSED_VARIABLE = YES;
				IPHONEOS_DEPLOYMENT_TARGET = 12.2;
				MTL_ENABLE_DEBUG_INFO = NO;
				MTL_FAST_MATH = YES;
				SDKROOT = iphoneos;
				SWIFT_COMPILATION_MODE = wholemodule;
				SWIFT_OPTIMIZATION_LEVEL = "-O";
				VALIDATE_PRODUCT = YES;
			};
			name = Release;
		};
		554F128622742571003DA538 /* Debug */ = {
			isa = XCBuildConfiguration;
			buildSettings = {
				ASSETCATALOG_COMPILER_APPICON_NAME = AppIcon;
				CODE_SIGN_STYLE = Automatic;
				DEVELOPMENT_TEAM = 75E8K39Z38;
				INFOPLIST_FILE = BackgroundExample/Info.plist;
				LD_RUNPATH_SEARCH_PATHS = (
					"$(inherited)",
					"@executable_path/Frameworks",
				);
				PRODUCT_BUNDLE_IDENTIFIER = fr.alexaubry.BackgroundExample;
				PRODUCT_NAME = "$(TARGET_NAME)";
				SWIFT_VERSION = 5.0;
				TARGETED_DEVICE_FAMILY = "1,2";
			};
			name = Debug;
		};
		554F128722742571003DA538 /* Release */ = {
			isa = XCBuildConfiguration;
			buildSettings = {
				ASSETCATALOG_COMPILER_APPICON_NAME = AppIcon;
				CODE_SIGN_STYLE = Automatic;
				DEVELOPMENT_TEAM = 75E8K39Z38;
				INFOPLIST_FILE = BackgroundExample/Info.plist;
				LD_RUNPATH_SEARCH_PATHS = (
					"$(inherited)",
					"@executable_path/Frameworks",
				);
				PRODUCT_BUNDLE_IDENTIFIER = fr.alexaubry.BackgroundExample;
				PRODUCT_NAME = "$(TARGET_NAME)";
				SWIFT_VERSION = 5.0;
				TARGETED_DEVICE_FAMILY = "1,2";
			};
			name = Release;
		};
/* End XCBuildConfiguration section */

/* Begin XCConfigurationList section */
		554F126E2274256F003DA538 /* Build configuration list for PBXProject "BackgroundExample" */ = {
			isa = XCConfigurationList;
			buildConfigurations = (
				554F128322742571003DA538 /* Debug */,
				554F128422742571003DA538 /* Release */,
			);
			defaultConfigurationIsVisible = 0;
			defaultConfigurationName = Release;
		};
		554F128522742571003DA538 /* Build configuration list for PBXNativeTarget "BackgroundExample" */ = {
			isa = XCConfigurationList;
			buildConfigurations = (
				554F128622742571003DA538 /* Debug */,
				554F128722742571003DA538 /* Release */,
			);
			defaultConfigurationIsVisible = 0;
			defaultConfigurationName = Release;
		};
/* End XCConfigurationList section */
	};
	rootObject = 554F126B2274256F003DA538 /* Project object */;
}
